
Microsoft Visual Studio Solution File, Format Version 12.00
# Visual Studio Version 16
VisualStudioVersion = 16.0.29911.84
MinimumVisualStudioVersion = 10.0.40219.1
Project("{FAE04EC0-301F-11D3-BF4B-00C04F79EFBC}") = "P_Layer", "P_Layer\P_Layer.csproj", "{8CC17BA4-89CB-4904-9350-29E0CED40DE7}"
EndProject
Global
	GlobalSection(SolutionConfigurationPlatforms) = preSolution
		Debug|Any CPU = Debug|Any CPU
		Release|Any CPU = Release|Any CPU
	EndGlobalSection
	GlobalSection(ProjectConfigurationPlatforms) = postSolution
		{8CC17BA4-89CB-4904-9350-29E0CED40DE7}.Debug|Any CPU.ActiveCfg = Debug|Any CPU
		{8CC17BA4-89CB-4904-9350-29E0CED40DE7}.Debug|Any CPU.Build.0 = Debug|Any CPU
		{8CC17BA4-89CB-4904-9350-29E0CED40DE7}.Release|Any CPU.ActiveCfg = Release|Any CPU
		{8CC17BA4-89CB-4904-9350-29E0CED40DE7}.Release|Any CPU.Build.0 = Release|Any CPU
	EndGlobalSection
	GlobalSection(SolutionProperties) = preSolution
		HideSolutionNode = FALSE
	EndGlobalSection
	GlobalSection(ExtensibilityGlobals) = postSolution
		SolutionGuid = {4A76D29C-6694-4748-B166-C29B5A2788CE}
	EndGlobalSection
EndGlobal
